{
  "version": 4,
  "terraform_version": "1.8.5",
  "serial": 28,
  "lineage": "bf6f8e1f-34fb-eb6a-67c5-8016f2429cdc",
  "outputs": {},
  "resources": [
    {
      "module": "module.identity_and_access_management",
      "mode": "managed",
      "type": "aws_iam_group",
      "name": "group",
      "provider": "module.identity_and_access_management.provider[\"registry.terraform.io/hashicorp/aws\"]",
      "instances": [
        {
          "schema_version": 0,
          "attributes": {
            "arn": "arn:aws:iam::422687934589:group/admin",
            "id": "admin",
            "name": "admin",
            "path": "/",
            "unique_id": "AGPAWE2RKBB65U6OBIAIC"
          },
          "sensitive_attributes": [],
          "private": "bnVsbA=="
        }
      ]
    },
    {
      "module": "module.identity_and_access_management",
      "mode": "managed",
      "type": "aws_iam_group_membership",
      "name": "user_in_group",
      "provider": "module.identity_and_access_management.provider[\"registry.terraform.io/hashicorp/aws\"]",
      "instances": [
        {
          "schema_version": 0,
          "attributes": {
            "group": "admin",
            "id": "admin_user_membership",
            "name": "admin_user_membership",
            "users": [
              "admin"
            ]
          },
          "sensitive_attributes": [],
          "private": "bnVsbA==",
          "dependencies": [
            "module.identity_and_access_management.aws_iam_group.group",
            "module.identity_and_access_management.aws_iam_user.user"
          ]
        }
      ]
    },
    {
      "module": "module.identity_and_access_management",
      "mode": "managed",
      "type": "aws_iam_group_policy_attachment",
      "name": "admin_group_access",
      "provider": "module.identity_and_access_management.provider[\"registry.terraform.io/hashicorp/aws\"]",
      "instances": [
        {
          "schema_version": 0,
          "attributes": {
            "group": "admin",
            "id": "admin-20240704171901142300000001",
            "policy_arn": "arn:aws:iam::aws:policy/AdministratorAccess"
          },
          "sensitive_attributes": [],
          "private": "bnVsbA==",
          "dependencies": [
            "module.identity_and_access_management.aws_iam_group.group"
          ]
        }
      ]
    },
    {
      "module": "module.identity_and_access_management",
      "mode": "managed",
      "type": "aws_iam_user",
      "name": "user",
      "provider": "module.identity_and_access_management.provider[\"registry.terraform.io/hashicorp/aws\"]",
      "instances": [
        {
          "schema_version": 0,
          "attributes": {
            "arn": "arn:aws:iam::422687934589:user/admin",
            "force_destroy": false,
            "id": "admin",
            "name": "admin",
            "path": "/",
            "permissions_boundary": "",
            "tags": null,
            "tags_all": {},
            "unique_id": "AIDAWE2RKBB6SNGTL2TVW"
          },
          "sensitive_attributes": [],
          "private": "bnVsbA=="
        }
      ]
    }
  ],
  "check_results": null
}
